
Microsoft Visual Studio Solution File, Format Version 12.00
# Visual Studio 2013
VisualStudioVersion = 12.0.21005.1
MinimumVisualStudioVersion = 10.0.40219.1
Project("{2150E333-8FDC-42A3-9474-1A3956D46DE8}") = "DataLayer", "DataLayer", "{AB1064F6-41FA-4289-9DE3-0CB83876993A}"
EndProject
Project("{FAE04EC0-301F-11D3-BF4B-00C04F79EFBC}") = "FreelancerHR.ORM", "DataLayer\FreelancerHR.ORM\FreelancerHR.ORM.csproj", "{FA79A370-6F88-47FB-BD0D-4BB61044C949}"
EndProject
Project("{FAE04EC0-301F-11D3-BF4B-00C04F79EFBC}") = "FreelancerHR.Repository", "FreelancerHR.Repository\FreelancerHR.Repository.csproj", "{3564F6B6-51B9-49D6-9354-CBCE62AC1569}"
EndProject
Project("{2150E333-8FDC-42A3-9474-1A3956D46DE8}") = "ServiceLayer", "ServiceLayer", "{A5967439-E6F9-4253-BBAB-3537A5082FA1}"
EndProject
Project("{FAE04EC0-301F-11D3-BF4B-00C04F79EFBC}") = "FreelancerHR.Service", "ServiceLayer\Freelancer.Service\FreelancerHR.Service.csproj", "{B9398EDF-E4C3-4829-B295-A69EC81582BB}"
EndProject
Project("{FAE04EC0-301F-11D3-BF4B-00C04F79EFBC}") = "FreelancerHR.Service.Contract", "Freelancer.Service.Contract\FreelancerHR.Service.Contract.csproj", "{2273FEB7-6983-49B1-ACAF-81AFCD854738}"
EndProject
Project("{2150E333-8FDC-42A3-9474-1A3956D46DE8}") = "Client", "Client", "{B38435CE-B04C-4892-A72D-F145F4889C2D}"
EndProject
Project("{2150E333-8FDC-42A3-9474-1A3956D46DE8}") = "Prism.Modules", "Prism.Modules", "{F6864A0A-F8DC-4124-B065-632AC9C02819}"
EndProject
Project("{FAE04EC0-301F-11D3-BF4B-00C04F79EFBC}") = "FreelancerHR.Modules.Compagy", "Client\Prism.Modules\Freelancer.Modules.Compagy\FreelancerHR.Modules.Compagy.csproj", "{324B311C-D88E-48EF-BEE2-F744417A9A01}"
EndProject
Project("{FAE04EC0-301F-11D3-BF4B-00C04F79EFBC}") = "FreelancerHR.Main", "FreelancerHR.Main\FreelancerHR.Main.csproj", "{7789D02C-90EE-4E3B-997C-8D96912FCA27}"
	ProjectSection(ProjectDependencies) = postProject
		{AEC1780D-0004-41A5-8FEE-8D1AA500E2B0} = {AEC1780D-0004-41A5-8FEE-8D1AA500E2B0}
		{324B311C-D88E-48EF-BEE2-F744417A9A01} = {324B311C-D88E-48EF-BEE2-F744417A9A01}
		{7266082B-3918-46CA-8059-ACEB9E8C194B} = {7266082B-3918-46CA-8059-ACEB9E8C194B}
		{5C9A6A44-AC44-456B-A3BE-9B7DBC712860} = {5C9A6A44-AC44-456B-A3BE-9B7DBC712860}
		{FA79A370-6F88-47FB-BD0D-4BB61044C949} = {FA79A370-6F88-47FB-BD0D-4BB61044C949}
		{3564F6B6-51B9-49D6-9354-CBCE62AC1569} = {3564F6B6-51B9-49D6-9354-CBCE62AC1569}
		{B9398EDF-E4C3-4829-B295-A69EC81582BB} = {B9398EDF-E4C3-4829-B295-A69EC81582BB}
	EndProjectSection
EndProject
Project("{FAE04EC0-301F-11D3-BF4B-00C04F79EFBC}") = "FreelancerHR.Infrastructure", "Client\Prism.Modules\FreelnacerHR.Infrastructure\FreelancerHR.Infrastructure.csproj", "{C02EA6D3-F9EF-43CF-88F3-F62AF03AF103}"
EndProject
Project("{FAE04EC0-301F-11D3-BF4B-00C04F79EFBC}") = "FreelancerHR.Repository.Contract", "FreelancerHR.Repository.Contract\FreelancerHR.Repository.Contract.csproj", "{0ABD62D6-B196-4D66-93E1-D88B6BEDF581}"
EndProject
Project("{FAE04EC0-301F-11D3-BF4B-00C04F79EFBC}") = "FreelancerHR.Model", "DataLayer\FreelancerHR.Model\FreelancerHR.Model.csproj", "{5C9A6A44-AC44-456B-A3BE-9B7DBC712860}"
EndProject
Project("{FAE04EC0-301F-11D3-BF4B-00C04F79EFBC}") = "Test", "Test\Test.csproj", "{0A356348-56C7-4B3B-BD41-ADF5124F2A0B}"
EndProject
Project("{FAE04EC0-301F-11D3-BF4B-00C04F79EFBC}") = "TestConsole", "TestConsole\TestConsole.csproj", "{5AA4E1D5-F889-41F4-8877-74ACDDDD05B0}"
EndProject
Project("{FAE04EC0-301F-11D3-BF4B-00C04F79EFBC}") = "FreelancerHR.Modules.Freelancer", "Client\Prism.Modules\FreelancerHR.Modules.Freelancer\FreelancerHR.Modules.Freelancer.csproj", "{AEC1780D-0004-41A5-8FEE-8D1AA500E2B0}"
EndProject
Project("{FAE04EC0-301F-11D3-BF4B-00C04F79EFBC}") = "FreelancerHR.BindingConverter", "Client\Prism.Modules\FreelancerHR.BindingConverter\FreelancerHR.BindingConverter.csproj", "{7F88A83D-A7B4-4C02-B7B8-5A76BE9F8F50}"
EndProject
Project("{FAE04EC0-301F-11D3-BF4B-00C04F79EFBC}") = "FreelancerHR.DTO", "FreelancerHR.DTO\FreelancerHR.DTO.csproj", "{94D67AB0-35DC-4664-A942-4A99FA635279}"
EndProject
Project("{FAE04EC0-301F-11D3-BF4B-00C04F79EFBC}") = "FreelancerHR.Modules.Hiring", "Client\Prism.Modules\FreelancerHR.Modules.Hiring\FreelancerHR.Modules.Hiring.csproj", "{7266082B-3918-46CA-8059-ACEB9E8C194B}"
EndProject
Project("{FAE04EC0-301F-11D3-BF4B-00C04F79EFBC}") = "Freelancer.Service.Mapping", "ServiceLayer\Freelancer.Service.Mapping\Freelancer.Service.Mapping.csproj", "{C08ACB63-9EDD-4782-9ABF-C200CFFA861E}"
EndProject
Global
	GlobalSection(SubversionScc) = preSolution
		Svn-Managed = True
		Manager = AnkhSVN - Subversion Support for Visual Studio
	EndGlobalSection
	GlobalSection(SolutionConfigurationPlatforms) = preSolution
		Debug|Any CPU = Debug|Any CPU
		Release|Any CPU = Release|Any CPU
	EndGlobalSection
	GlobalSection(ProjectConfigurationPlatforms) = postSolution
		{FA79A370-6F88-47FB-BD0D-4BB61044C949}.Debug|Any CPU.ActiveCfg = Debug|Any CPU
		{FA79A370-6F88-47FB-BD0D-4BB61044C949}.Debug|Any CPU.Build.0 = Debug|Any CPU
		{FA79A370-6F88-47FB-BD0D-4BB61044C949}.Release|Any CPU.ActiveCfg = Release|Any CPU
		{FA79A370-6F88-47FB-BD0D-4BB61044C949}.Release|Any CPU.Build.0 = Release|Any CPU
		{3564F6B6-51B9-49D6-9354-CBCE62AC1569}.Debug|Any CPU.ActiveCfg = Debug|Any CPU
		{3564F6B6-51B9-49D6-9354-CBCE62AC1569}.Debug|Any CPU.Build.0 = Debug|Any CPU
		{3564F6B6-51B9-49D6-9354-CBCE62AC1569}.Release|Any CPU.ActiveCfg = Release|Any CPU
		{3564F6B6-51B9-49D6-9354-CBCE62AC1569}.Release|Any CPU.Build.0 = Release|Any CPU
		{B9398EDF-E4C3-4829-B295-A69EC81582BB}.Debug|Any CPU.ActiveCfg = Debug|Any CPU
		{B9398EDF-E4C3-4829-B295-A69EC81582BB}.Debug|Any CPU.Build.0 = Debug|Any CPU
		{B9398EDF-E4C3-4829-B295-A69EC81582BB}.Release|Any CPU.ActiveCfg = Release|Any CPU
		{B9398EDF-E4C3-4829-B295-A69EC81582BB}.Release|Any CPU.Build.0 = Release|Any CPU
		{2273FEB7-6983-49B1-ACAF-81AFCD854738}.Debug|Any CPU.ActiveCfg = Debug|Any CPU
		{2273FEB7-6983-49B1-ACAF-81AFCD854738}.Debug|Any CPU.Build.0 = Debug|Any CPU
		{2273FEB7-6983-49B1-ACAF-81AFCD854738}.Release|Any CPU.ActiveCfg = Release|Any CPU
		{2273FEB7-6983-49B1-ACAF-81AFCD854738}.Release|Any CPU.Build.0 = Release|Any CPU
		{324B311C-D88E-48EF-BEE2-F744417A9A01}.Debug|Any CPU.ActiveCfg = Debug|Any CPU
		{324B311C-D88E-48EF-BEE2-F744417A9A01}.Debug|Any CPU.Build.0 = Debug|Any CPU
		{324B311C-D88E-48EF-BEE2-F744417A9A01}.Release|Any CPU.ActiveCfg = Release|Any CPU
		{324B311C-D88E-48EF-BEE2-F744417A9A01}.Release|Any CPU.Build.0 = Release|Any CPU
		{7789D02C-90EE-4E3B-997C-8D96912FCA27}.Debug|Any CPU.ActiveCfg = Debug|Any CPU
		{7789D02C-90EE-4E3B-997C-8D96912FCA27}.Debug|Any CPU.Build.0 = Debug|Any CPU
		{7789D02C-90EE-4E3B-997C-8D96912FCA27}.Release|Any CPU.ActiveCfg = Release|Any CPU
		{7789D02C-90EE-4E3B-997C-8D96912FCA27}.Release|Any CPU.Build.0 = Release|Any CPU
		{C02EA6D3-F9EF-43CF-88F3-F62AF03AF103}.Debug|Any CPU.ActiveCfg = Debug|Any CPU
		{C02EA6D3-F9EF-43CF-88F3-F62AF03AF103}.Debug|Any CPU.Build.0 = Debug|Any CPU
		{C02EA6D3-F9EF-43CF-88F3-F62AF03AF103}.Release|Any CPU.ActiveCfg = Release|Any CPU
		{C02EA6D3-F9EF-43CF-88F3-F62AF03AF103}.Release|Any CPU.Build.0 = Release|Any CPU
		{0ABD62D6-B196-4D66-93E1-D88B6BEDF581}.Debug|Any CPU.ActiveCfg = Debug|Any CPU
		{0ABD62D6-B196-4D66-93E1-D88B6BEDF581}.Debug|Any CPU.Build.0 = Debug|Any CPU
		{0ABD62D6-B196-4D66-93E1-D88B6BEDF581}.Release|Any CPU.ActiveCfg = Release|Any CPU
		{0ABD62D6-B196-4D66-93E1-D88B6BEDF581}.Release|Any CPU.Build.0 = Release|Any CPU
		{5C9A6A44-AC44-456B-A3BE-9B7DBC712860}.Debug|Any CPU.ActiveCfg = Debug|Any CPU
		{5C9A6A44-AC44-456B-A3BE-9B7DBC712860}.Debug|Any CPU.Build.0 = Debug|Any CPU
		{5C9A6A44-AC44-456B-A3BE-9B7DBC712860}.Release|Any CPU.ActiveCfg = Release|Any CPU
		{5C9A6A44-AC44-456B-A3BE-9B7DBC712860}.Release|Any CPU.Build.0 = Release|Any CPU
		{0A356348-56C7-4B3B-BD41-ADF5124F2A0B}.Debug|Any CPU.ActiveCfg = Debug|Any CPU
		{0A356348-56C7-4B3B-BD41-ADF5124F2A0B}.Debug|Any CPU.Build.0 = Debug|Any CPU
		{0A356348-56C7-4B3B-BD41-ADF5124F2A0B}.Release|Any CPU.ActiveCfg = Release|Any CPU
		{0A356348-56C7-4B3B-BD41-ADF5124F2A0B}.Release|Any CPU.Build.0 = Release|Any CPU
		{5AA4E1D5-F889-41F4-8877-74ACDDDD05B0}.Debug|Any CPU.ActiveCfg = Debug|Any CPU
		{5AA4E1D5-F889-41F4-8877-74ACDDDD05B0}.Debug|Any CPU.Build.0 = Debug|Any CPU
		{5AA4E1D5-F889-41F4-8877-74ACDDDD05B0}.Release|Any CPU.ActiveCfg = Release|Any CPU
		{5AA4E1D5-F889-41F4-8877-74ACDDDD05B0}.Release|Any CPU.Build.0 = Release|Any CPU
		{AEC1780D-0004-41A5-8FEE-8D1AA500E2B0}.Debug|Any CPU.ActiveCfg = Debug|Any CPU
		{AEC1780D-0004-41A5-8FEE-8D1AA500E2B0}.Debug|Any CPU.Build.0 = Debug|Any CPU
		{AEC1780D-0004-41A5-8FEE-8D1AA500E2B0}.Release|Any CPU.ActiveCfg = Release|Any CPU
		{AEC1780D-0004-41A5-8FEE-8D1AA500E2B0}.Release|Any CPU.Build.0 = Release|Any CPU
		{7F88A83D-A7B4-4C02-B7B8-5A76BE9F8F50}.Debug|Any CPU.ActiveCfg = Debug|Any CPU
		{7F88A83D-A7B4-4C02-B7B8-5A76BE9F8F50}.Debug|Any CPU.Build.0 = Debug|Any CPU
		{7F88A83D-A7B4-4C02-B7B8-5A76BE9F8F50}.Release|Any CPU.ActiveCfg = Release|Any CPU
		{7F88A83D-A7B4-4C02-B7B8-5A76BE9F8F50}.Release|Any CPU.Build.0 = Release|Any CPU
		{94D67AB0-35DC-4664-A942-4A99FA635279}.Debug|Any CPU.ActiveCfg = Debug|Any CPU
		{94D67AB0-35DC-4664-A942-4A99FA635279}.Debug|Any CPU.Build.0 = Debug|Any CPU
		{94D67AB0-35DC-4664-A942-4A99FA635279}.Release|Any CPU.ActiveCfg = Release|Any CPU
		{94D67AB0-35DC-4664-A942-4A99FA635279}.Release|Any CPU.Build.0 = Release|Any CPU
		{7266082B-3918-46CA-8059-ACEB9E8C194B}.Debug|Any CPU.ActiveCfg = Debug|Any CPU
		{7266082B-3918-46CA-8059-ACEB9E8C194B}.Debug|Any CPU.Build.0 = Debug|Any CPU
		{7266082B-3918-46CA-8059-ACEB9E8C194B}.Release|Any CPU.ActiveCfg = Release|Any CPU
		{7266082B-3918-46CA-8059-ACEB9E8C194B}.Release|Any CPU.Build.0 = Release|Any CPU
		{C08ACB63-9EDD-4782-9ABF-C200CFFA861E}.Debug|Any CPU.ActiveCfg = Debug|Any CPU
		{C08ACB63-9EDD-4782-9ABF-C200CFFA861E}.Debug|Any CPU.Build.0 = Debug|Any CPU
		{C08ACB63-9EDD-4782-9ABF-C200CFFA861E}.Release|Any CPU.ActiveCfg = Release|Any CPU
		{C08ACB63-9EDD-4782-9ABF-C200CFFA861E}.Release|Any CPU.Build.0 = Release|Any CPU
	EndGlobalSection
	GlobalSection(SolutionProperties) = preSolution
		HideSolutionNode = FALSE
	EndGlobalSection
	GlobalSection(NestedProjects) = preSolution
		{FA79A370-6F88-47FB-BD0D-4BB61044C949} = {AB1064F6-41FA-4289-9DE3-0CB83876993A}
		{3564F6B6-51B9-49D6-9354-CBCE62AC1569} = {AB1064F6-41FA-4289-9DE3-0CB83876993A}
		{0ABD62D6-B196-4D66-93E1-D88B6BEDF581} = {AB1064F6-41FA-4289-9DE3-0CB83876993A}
		{5C9A6A44-AC44-456B-A3BE-9B7DBC712860} = {AB1064F6-41FA-4289-9DE3-0CB83876993A}
		{B9398EDF-E4C3-4829-B295-A69EC81582BB} = {A5967439-E6F9-4253-BBAB-3537A5082FA1}
		{2273FEB7-6983-49B1-ACAF-81AFCD854738} = {A5967439-E6F9-4253-BBAB-3537A5082FA1}
		{94D67AB0-35DC-4664-A942-4A99FA635279} = {A5967439-E6F9-4253-BBAB-3537A5082FA1}
		{C08ACB63-9EDD-4782-9ABF-C200CFFA861E} = {A5967439-E6F9-4253-BBAB-3537A5082FA1}
		{F6864A0A-F8DC-4124-B065-632AC9C02819} = {B38435CE-B04C-4892-A72D-F145F4889C2D}
		{324B311C-D88E-48EF-BEE2-F744417A9A01} = {F6864A0A-F8DC-4124-B065-632AC9C02819}
		{C02EA6D3-F9EF-43CF-88F3-F62AF03AF103} = {F6864A0A-F8DC-4124-B065-632AC9C02819}
		{AEC1780D-0004-41A5-8FEE-8D1AA500E2B0} = {F6864A0A-F8DC-4124-B065-632AC9C02819}
		{7F88A83D-A7B4-4C02-B7B8-5A76BE9F8F50} = {F6864A0A-F8DC-4124-B065-632AC9C02819}
		{7266082B-3918-46CA-8059-ACEB9E8C194B} = {F6864A0A-F8DC-4124-B065-632AC9C02819}
	EndGlobalSection
EndGlobal
